// !$*UTF8*$!
{
	archiveVersion = 1;
	classes = {
	};
	objectVersion = 46;
	objects = {

/* Begin PBXBuildFile section */
		2A0DACDC18A2F6DC00FF995D /* QuizTableViewController.m in Sources */ = {isa = PBXBuildFile; fileRef = 2A0DACDB18A2F6DC00FF995D /* QuizTableViewController.m */; };
		2A2F6D2F18EB402A00061083 /* 0normal.png in Resources */ = {isa = PBXBuildFile; fileRef = 2A2F6D2D18EB402A00061083 /* 0normal.png */; };
		2A2F6D3018EB402A00061083 /* 0report.png in Resources */ = {isa = PBXBuildFile; fileRef = 2A2F6D2E18EB402A00061083 /* 0report.png */; };
		2A2F6D3D18EB43C800061083 /* 1A.png in Resources */ = {isa = PBXBuildFile; fileRef = 2A2F6D3918EB43C800061083 /* 1A.png */; };
		2A2F6D3E18EB43C800061083 /* 1B.png in Resources */ = {isa = PBXBuildFile; fileRef = 2A2F6D3A18EB43C800061083 /* 1B.png */; };
		2A2F6D3F18EB43C800061083 /* 1C.png in Resources */ = {isa = PBXBuildFile; fileRef = 2A2F6D3B18EB43C800061083 /* 1C.png */; };
		2A2F6D4018EB43C800061083 /* 1D.png in Resources */ = {isa = PBXBuildFile; fileRef = 2A2F6D3C18EB43C800061083 /* 1D.png */; };
		2A3725DF18FC8D3B003D7E15 /* AFKPageFlipper.m in Sources */ = {isa = PBXBuildFile; fileRef = 2A3725DE18FC8D3B003D7E15 /* AFKPageFlipper.m */; };
		2A3725E818FC9B71003D7E15 /* AnimationDelegate.m in Sources */ = {isa = PBXBuildFile; fileRef = 2A3725E118FC9B71003D7E15 /* AnimationDelegate.m */; };
		2A3725E918FC9B71003D7E15 /* AnimationFrame.m in Sources */ = {isa = PBXBuildFile; fileRef = 2A3725E318FC9B71003D7E15 /* AnimationFrame.m */; };
		2A3725EA18FC9B71003D7E15 /* FlipView.m in Sources */ = {isa = PBXBuildFile; fileRef = 2A3725E518FC9B71003D7E15 /* FlipView.m */; };
		2A3725EB18FC9B71003D7E15 /* GenericAnimationView.m in Sources */ = {isa = PBXBuildFile; fileRef = 2A3725E718FC9B71003D7E15 /* GenericAnimationView.m */; };
		2A80B01918FF2AF7008850F2 /* 1-ext.png in Resources */ = {isa = PBXBuildFile; fileRef = 2A80B01818FF2AF7008850F2 /* 1-ext.png */; };
		2A85A10818B6D331002722E5 /* Quiz.m in Sources */ = {isa = PBXBuildFile; fileRef = 2A85A10718B6D331002722E5 /* Quiz.m */; };
		2A85A10A18B6D392002722E5 /* Parse.framework in Frameworks */ = {isa = PBXBuildFile; fileRef = 2A85A10918B6D392002722E5 /* Parse.framework */; };
		2A85A10D18B6D3CD002722E5 /* QuizmLearn.png in Resources */ = {isa = PBXBuildFile; fileRef = 2A85A10B18B6D3CD002722E5 /* QuizmLearn.png */; };
		2A85A10E18B6D3CD002722E5 /* QuizmLearnGQ.png in Resources */ = {isa = PBXBuildFile; fileRef = 2A85A10C18B6D3CD002722E5 /* QuizmLearnGQ.png */; };
		2A89240A18EF1F050051B383 /* NormalQuestion.png in Resources */ = {isa = PBXBuildFile; fileRef = 2A89240818EF1F050051B383 /* NormalQuestion.png */; };
		2A89240B18EF1F050051B383 /* ReportQuestionSign2.png in Resources */ = {isa = PBXBuildFile; fileRef = 2A89240918EF1F050051B383 /* ReportQuestionSign2.png */; };
		2A89240D18EF21050051B383 /* reportQuestionSmall.png in Resources */ = {isa = PBXBuildFile; fileRef = 2A89240C18EF21050051B383 /* reportQuestionSmall.png */; };
		2A89241018EF23090051B383 /* NormalQuestion2.png in Resources */ = {isa = PBXBuildFile; fileRef = 2A89240E18EF23090051B383 /* NormalQuestion2.png */; };
		2A89241118EF23090051B383 /* ReportQuestion3.png in Resources */ = {isa = PBXBuildFile; fileRef = 2A89240F18EF23090051B383 /* ReportQuestion3.png */; };
		2A8F02BE18EA12AD0077C265 /* ILTranslucentView.m in Sources */ = {isa = PBXBuildFile; fileRef = 2A8F02BD18EA12AD0077C265 /* ILTranslucentView.m */; };
		2A8F02C018EA318B0077C265 /* reportA.png in Resources */ = {isa = PBXBuildFile; fileRef = 2A8F02BF18EA318B0077C265 /* reportA.png */; };
		2A8F02C418EA31BE0077C265 /* reportB.png in Resources */ = {isa = PBXBuildFile; fileRef = 2A8F02C118EA31BE0077C265 /* reportB.png */; };
		2A8F02C518EA31BE0077C265 /* reportC.png in Resources */ = {isa = PBXBuildFile; fileRef = 2A8F02C218EA31BE0077C265 /* reportC.png */; };
		2A8F02C618EA31BE0077C265 /* reportD.png in Resources */ = {isa = PBXBuildFile; fileRef = 2A8F02C318EA31BE0077C265 /* reportD.png */; };
		2A99664218AAF2B800192BD7 /* navBarColor.png in Resources */ = {isa = PBXBuildFile; fileRef = 2A99664118AAF2B800192BD7 /* navBarColor.png */; };
		2AA82FE818A5879600FCC137 /* groupResultViewController.m in Sources */ = {isa = PBXBuildFile; fileRef = 2AA82FE718A5879600FCC137 /* groupResultViewController.m */; };
		2AA8301318A590D200FCC137 /* quizappicon1-2.png in Resources */ = {isa = PBXBuildFile; fileRef = 2AA8300A18A590D200FCC137 /* quizappicon1-2.png */; };
		2AA8301418A590D200FCC137 /* quizappicon1-2HQ.png in Resources */ = {isa = PBXBuildFile; fileRef = 2AA8300B18A590D200FCC137 /* quizappicon1-2HQ.png */; };
		2AA8301518A590D200FCC137 /* zeroattemptstar.png in Resources */ = {isa = PBXBuildFile; fileRef = 2AA8300C18A590D200FCC137 /* zeroattemptstar.png */; };
		2AA8301618A590D200FCC137 /* zerofillStar.png in Resources */ = {isa = PBXBuildFile; fileRef = 2AA8300D18A590D200FCC137 /* zerofillStar.png */; };
		2AB1DCF818A3F97A00E5E08B /* PastQuizViewController.m in Sources */ = {isa = PBXBuildFile; fileRef = 2AB1DCF718A3F97A00E5E08B /* PastQuizViewController.m */; };
		2AB428F218ECB6F8001B6458 /* 0bar.png in Resources */ = {isa = PBXBuildFile; fileRef = 2AB428F118ECB6F8001B6458 /* 0bar.png */; };
		2AD36D5B1912C4E400D71555 /* Reachability.m in Sources */ = {isa = PBXBuildFile; fileRef = 2AD36D5A1912C4E400D71555 /* Reachability.m */; };
		2AD48D7D190B0802006904B7 /* moreButton.png in Resources */ = {isa = PBXBuildFile; fileRef = 2AD48D7C190B0802006904B7 /* moreButton.png */; };
		2AD7CF3618E6266C002B2246 /* 0.png in Resources */ = {isa = PBXBuildFile; fileRef = 2AD7CF0818E6266C002B2246 /* 0.png */; };
		2AD7CF3718E6266C002B2246 /* 0square.png in Resources */ = {isa = PBXBuildFile; fileRef = 2AD7CF0918E6266C002B2246 /* 0square.png */; };
		2AD7CF3818E6266C002B2246 /* 1.png in Resources */ = {isa = PBXBuildFile; fileRef = 2AD7CF0A18E6266C002B2246 /* 1.png */; };
		2AD7CF3918E6266C002B2246 /* 1bar.png in Resources */ = {isa = PBXBuildFile; fileRef = 2AD7CF0B18E6266C002B2246 /* 1bar.png */; };
		2AD7CF3A18E6266C002B2246 /* 2.png in Resources */ = {isa = PBXBuildFile; fileRef = 2AD7CF0C18E6266C002B2246 /* 2.png */; };
		2AD7CF3B18E6266C002B2246 /* 2bar.png in Resources */ = {isa = PBXBuildFile; fileRef = 2AD7CF0D18E6266C002B2246 /* 2bar.png */; };
		2AD7CF3C18E6266C002B2246 /* 3.png in Resources */ = {isa = PBXBuildFile; fileRef = 2AD7CF0E18E6266C002B2246 /* 3.png */; };
		2AD7CF3D18E6266C002B2246 /* 3bar.png in Resources */ = {isa = PBXBuildFile; fileRef = 2AD7CF0F18E6266C002B2246 /* 3bar.png */; };
		2AD7CF3E18E6266C002B2246 /* 4.png in Resources */ = {isa = PBXBuildFile; fileRef = 2AD7CF1018E6266C002B2246 /* 4.png */; };
		2AD7CF3F18E6266C002B2246 /* 4bar.png in Resources */ = {isa = PBXBuildFile; fileRef = 2AD7CF1118E6266C002B2246 /* 4bar.png */; };
		2AD7CF4018E6266C002B2246 /* 6.png in Resources */ = {isa = PBXBuildFile; fileRef = 2AD7CF1218E6266C002B2246 /* 6.png */; };
		2AD7CF4118E6266C002B2246 /* A.png in Resources */ = {isa = PBXBuildFile; fileRef = 2AD7CF1318E6266C002B2246 /* A.png */; };
		2AD7CF4218E6266C002B2246 /* B.png in Resources */ = {isa = PBXBuildFile; fileRef = 2AD7CF1418E6266C002B2246 /* B.png */; };
		2AD7CF4718E6266C002B2246 /* bigPA.png in Resources */ = {isa = PBXBuildFile; fileRef = 2AD7CF1918E6266C002B2246 /* bigPA.png */; };
		2AD7CF4818E6266C002B2246 /* bigPB.png in Resources */ = {isa = PBXBuildFile; fileRef = 2AD7CF1A18E6266C002B2246 /* bigPB.png */; };
		2AD7CF4918E6266C002B2246 /* bigPC.png in Resources */ = {isa = PBXBuildFile; fileRef = 2AD7CF1B18E6266C002B2246 /* bigPC.png */; };
		2AD7CF4A18E6266C002B2246 /* bigPD.png in Resources */ = {isa = PBXBuildFile; fileRef = 2AD7CF1C18E6266C002B2246 /* bigPD.png */; };
		2AD7CF4B18E6266C002B2246 /* buttonbackground.png in Resources */ = {isa = PBXBuildFile; fileRef = 2AD7CF1D18E6266C002B2246 /* buttonbackground.png */; };
		2AD7CF4C18E6266C002B2246 /* C.png in Resources */ = {isa = PBXBuildFile; fileRef = 2AD7CF1E18E6266C002B2246 /* C.png */; };
		2AD7CF4D18E6266C002B2246 /* D.png in Resources */ = {isa = PBXBuildFile; fileRef = 2AD7CF1F18E6266C002B2246 /* D.png */; };
		2AD7CF4E18E6266C002B2246 /* QuizmLearnLoginBG.png in Resources */ = {isa = PBXBuildFile; fileRef = 2AD7CF2018E6266C002B2246 /* QuizmLearnLoginBG.png */; };
		2AD7CF4F18E6266C002B2246 /* QuizmLearnLoginLogo.png in Resources */ = {isa = PBXBuildFile; fileRef = 2AD7CF2118E6266C002B2246 /* QuizmLearnLoginLogo.png */; };
		2AD7CF5018E6266C002B2246 /* QuizmLearnLoginLogo2.png in Resources */ = {isa = PBXBuildFile; fileRef = 2AD7CF2218E6266C002B2246 /* QuizmLearnLoginLogo2.png */; };
		2AD7CF5118E6266C002B2246 /* QuizmLearnLoginLogoLandscape.png in Resources */ = {isa = PBXBuildFile; fileRef = 2AD7CF2318E6266C002B2246 /* QuizmLearnLoginLogoLandscape.png */; };
		2AD7CF5218E6266C002B2246 /* QuizmLearnLoginLogoLandscape2.png in Resources */ = {isa = PBXBuildFile; fileRef = 2AD7CF2418E6266C002B2246 /* QuizmLearnLoginLogoLandscape2.png */; };
		2AD7CF5318E6266C002B2246 /* QuizmLearnSplashScreenHQ.png in Resources */ = {isa = PBXBuildFile; fileRef = 2AD7CF2518E6266C002B2246 /* QuizmLearnSplashScreenHQ.png */; };
		2AD7CF5418E6266C002B2246 /* QuizmTeachLoginLogo.png in Resources */ = {isa = PBXBuildFile; fileRef = 2AD7CF2618E6266C002B2246 /* QuizmTeachLoginLogo.png */; };
		2AD7CF5518E6266C002B2246 /* QuizmTeachLoginLogo2Landscape.png in Resources */ = {isa = PBXBuildFile; fileRef = 2AD7CF2718E6266C002B2246 /* QuizmTeachLoginLogo2Landscape.png */; };
		2AD7CF5618E6266C002B2246 /* QuizmTeachLoginLogo2Portrait.png in Resources */ = {isa = PBXBuildFile; fileRef = 2AD7CF2818E6266C002B2246 /* QuizmTeachLoginLogo2Portrait.png */; };
		2AD7CF5718E6266C002B2246 /* QuizmTeachSplashScreen.png in Resources */ = {isa = PBXBuildFile; fileRef = 2AD7CF2918E6266C002B2246 /* QuizmTeachSplashScreen.png */; };
		2AD7CF5818E6266C002B2246 /* QuizmTeachSplashScreenHQ.png in Resources */ = {isa = PBXBuildFile; fileRef = 2AD7CF2A18E6266C002B2246 /* QuizmTeachSplashScreenHQ.png */; };
		2AD7CF5918E6266C002B2246 /* QuizmTeachSplashScreenHQLandscape.png in Resources */ = {isa = PBXBuildFile; fileRef = 2AD7CF2B18E6266C002B2246 /* QuizmTeachSplashScreenHQLandscape.png */; };
		2AD7CF5A18E6266C002B2246 /* QuizmTeachSplashScreenLandscape.png in Resources */ = {isa = PBXBuildFile; fileRef = 2AD7CF2C18E6266C002B2246 /* QuizmTeachSplashScreenLandscape.png */; };
		2AD7CF5B18E6266C002B2246 /* Screen Shot 2014-02-14 at 10.06.58 AM.png in Resources */ = {isa = PBXBuildFile; fileRef = 2AD7CF2D18E6266C002B2246 /* Screen Shot 2014-02-14 at 10.06.58 AM.png */; };
		2AD7CF5C18E6266C002B2246 /* Screen Shot 2014-02-14 at 10.14.13 AM.png in Resources */ = {isa = PBXBuildFile; fileRef = 2AD7CF2E18E6266C002B2246 /* Screen Shot 2014-02-14 at 10.14.13 AM.png */; };
		2AD7CF5D18E6266C002B2246 /* Screen Shot 2014-02-14 at 10.14.30 AM.png in Resources */ = {isa = PBXBuildFile; fileRef = 2AD7CF2F18E6266C002B2246 /* Screen Shot 2014-02-14 at 10.14.30 AM.png */; };
		2AD7CF5E18E6266C002B2246 /* Tab Bar Icon Photoshop.psd in Resources */ = {isa = PBXBuildFile; fileRef = 2AD7CF3018E6266C002B2246 /* Tab Bar Icon Photoshop.psd */; };
		2AD7CF5F18E6266C002B2246 /* Tab-Bar-Icon---Pie-Chart.png in Resources */ = {isa = PBXBuildFile; fileRef = 2AD7CF3118E6266C002B2246 /* Tab-Bar-Icon---Pie-Chart.png */; };
		2AD7CF6018E6266C002B2246 /* Tab-Bar-Icon---Questions30.png in Resources */ = {isa = PBXBuildFile; fileRef = 2AD7CF3218E6266C002B2246 /* Tab-Bar-Icon---Questions30.png */; };
		2AD7CF6118E6266C002B2246 /* Tab-Bar-Icon---Quetsions.png in Resources */ = {isa = PBXBuildFile; fileRef = 2AD7CF3318E6266C002B2246 /* Tab-Bar-Icon---Quetsions.png */; };
		2AD7CF6218E6266C002B2246 /* Tab-Bar-Icon---Results.png in Resources */ = {isa = PBXBuildFile; fileRef = 2AD7CF3418E6266C002B2246 /* Tab-Bar-Icon---Results.png */; };
		2AD7CF6318E6266C002B2246 /* Tab-Bar-Icon---Settings.png in Resources */ = {isa = PBXBuildFile; fileRef = 2AD7CF3518E6266C002B2246 /* Tab-Bar-Icon---Settings.png */; };
		2AD7CF6618E62E1A002B2246 /* OtherQuizzesTableViewController.m in Sources */ = {isa = PBXBuildFile; fileRef = 2AD7CF6518E62E1A002B2246 /* OtherQuizzesTableViewController.m */; };
		2AD87A291897225B0069F479 /* Foundation.framework in Frameworks */ = {isa = PBXBuildFile; fileRef = 2AD87A281897225B0069F479 /* Foundation.framework */; };
		2AD87A2B1897225B0069F479 /* CoreGraphics.framework in Frameworks */ = {isa = PBXBuildFile; fileRef = 2AD87A2A1897225B0069F479 /* CoreGraphics.framework */; };
		2AD87A2D1897225B0069F479 /* UIKit.framework in Frameworks */ = {isa = PBXBuildFile; fileRef = 2AD87A2C1897225B0069F479 /* UIKit.framework */; };
		2AD87A331897225B0069F479 /* InfoPlist.strings in Resources */ = {isa = PBXBuildFile; fileRef = 2AD87A311897225B0069F479 /* InfoPlist.strings */; };
		2AD87A351897225B0069F479 /* main.m in Sources */ = {isa = PBXBuildFile; fileRef = 2AD87A341897225B0069F479 /* main.m */; };
		2AD87A391897225B0069F479 /* AppDelegate.m in Sources */ = {isa = PBXBuildFile; fileRef = 2AD87A381897225B0069F479 /* AppDelegate.m */; };
		2AD87A3C1897225B0069F479 /* Main.storyboard in Resources */ = {isa = PBXBuildFile; fileRef = 2AD87A3A1897225B0069F479 /* Main.storyboard */; };
		2AD87A411897225B0069F479 /* Images.xcassets in Resources */ = {isa = PBXBuildFile; fileRef = 2AD87A401897225B0069F479 /* Images.xcassets */; };
		2AD87A481897225B0069F479 /* XCTest.framework in Frameworks */ = {isa = PBXBuildFile; fileRef = 2AD87A471897225B0069F479 /* XCTest.framework */; };
		2AD87A491897225B0069F479 /* Foundation.framework in Frameworks */ = {isa = PBXBuildFile; fileRef = 2AD87A281897225B0069F479 /* Foundation.framework */; };
		2AD87A4A1897225B0069F479 /* UIKit.framework in Frameworks */ = {isa = PBXBuildFile; fileRef = 2AD87A2C1897225B0069F479 /* UIKit.framework */; };
		2AD87A521897225B0069F479 /* InfoPlist.strings in Resources */ = {isa = PBXBuildFile; fileRef = 2AD87A501897225B0069F479 /* InfoPlist.strings */; };
		2AD87A541897225B0069F479 /* QuizApp2Tests.m in Sources */ = {isa = PBXBuildFile; fileRef = 2AD87A531897225B0069F479 /* QuizApp2Tests.m */; };
		2AD87A68189726E90069F479 /* NSString+ParsingExtensions.m in Sources */ = {isa = PBXBuildFile; fileRef = 2AD87A67189726E90069F479 /* NSString+ParsingExtensions.m */; };
		2AD87A6B1897271A0069F479 /* Question.m in Sources */ = {isa = PBXBuildFile; fileRef = 2AD87A6A1897271A0069F479 /* Question.m */; };
		2AD87A8C189735C00069F479 /* CFNetwork.framework in Frameworks */ = {isa = PBXBuildFile; fileRef = 2AD87A83189735BF0069F479 /* CFNetwork.framework */; };
		2AD87A8D189735C00069F479 /* CoreLocation.framework in Frameworks */ = {isa = PBXBuildFile; fileRef = 2AD87A84189735BF0069F479 /* CoreLocation.framework */; };
		2AD87A8E189735C00069F479 /* libz.dylib in Frameworks */ = {isa = PBXBuildFile; fileRef = 2AD87A85189735C00069F479 /* libz.dylib */; };
		2AD87A8F189735C00069F479 /* MobileCoreServices.framework in Frameworks */ = {isa = PBXBuildFile; fileRef = 2AD87A86189735C00069F479 /* MobileCoreServices.framework */; };
		2AD87A90189735C00069F479 /* QuartzCore.framework in Frameworks */ = {isa = PBXBuildFile; fileRef = 2AD87A87189735C00069F479 /* QuartzCore.framework */; };
		2AD87A91189735C00069F479 /* Security.framework in Frameworks */ = {isa = PBXBuildFile; fileRef = 2AD87A88189735C00069F479 /* Security.framework */; };
		2AD87A92189735C00069F479 /* StoreKit.framework in Frameworks */ = {isa = PBXBuildFile; fileRef = 2AD87A89189735C00069F479 /* StoreKit.framework */; };
		2AD87A93189735C00069F479 /* SystemConfiguration.framework in Frameworks */ = {isa = PBXBuildFile; fileRef = 2AD87A8A189735C00069F479 /* SystemConfiguration.framework */; };
		2AD87A95189735EF0069F479 /* AudioToolbox.framework in Frameworks */ = {isa = PBXBuildFile; fileRef = 2AD87A94189735EF0069F479 /* AudioToolbox.framework */; };
		2AD87AAF189867750069F479 /* QuizViewController.m in Sources */ = {isa = PBXBuildFile; fileRef = 2AD87AAE189867750069F479 /* QuizViewController.m */; };
		2AD87AB21898801D0069F479 /* QuestionViewController.m in Sources */ = {isa = PBXBuildFile; fileRef = 2AD87AB11898801D0069F479 /* QuestionViewController.m */; };
		2AF37676189AF53C004423BA /* ImportViewController.m in Sources */ = {isa = PBXBuildFile; fileRef = 2AF37675189AF53C004423BA /* ImportViewController.m */; };
		2AF53C60191AFADF00825D3A /* downArrow.png in Resources */ = {isa = PBXBuildFile; fileRef = 2AF53C5E191AFADF00825D3A /* downArrow.png */; };
		2AF53C61191AFADF00825D3A /* downSimple.png in Resources */ = {isa = PBXBuildFile; fileRef = 2AF53C5F191AFADF00825D3A /* downSimple.png */; };
		2AFF21B6189C7ACC00FE6F38 /* iosBlueStarIcon.png in Resources */ = {isa = PBXBuildFile; fileRef = 2AFF21B3189C7ACC00FE6F38 /* iosBlueStarIcon.png */; };
		2AFF21B7189C7ACC00FE6F38 /* ok-512.png in Resources */ = {isa = PBXBuildFile; fileRef = 2AFF21B4189C7ACC00FE6F38 /* ok-512.png */; };
		2AFF21B8189C7ACC00FE6F38 /* redX7.png in Resources */ = {isa = PBXBuildFile; fileRef = 2AFF21B5189C7ACC00FE6F38 /* redX7.png */; };
		A720766918B303A500EC4267 /* PastQuizTable.m in Sources */ = {isa = PBXBuildFile; fileRef = A720766818B303A500EC4267 /* PastQuizTable.m */; };
		A755332818B712D4001B9306 /* MyLoginViewController.m in Sources */ = {isa = PBXBuildFile; fileRef = A755332718B712D4001B9306 /* MyLoginViewController.m */; };
		A755333D18B97B14001B9306 /* BigButtonViewController.m in Sources */ = {isa = PBXBuildFile; fileRef = A755333C18B97B14001B9306 /* BigButtonViewController.m */; };
/* End PBXBuildFile section */

/* Begin PBXContainerItemProxy section */
		2AD87A4B1897225B0069F479 /* PBXContainerItemProxy */ = {
			isa = PBXContainerItemProxy;
			containerPortal = 2AD87A1D1897225B0069F479 /* Project object */;
			proxyType = 1;
			remoteGlobalIDString = 2AD87A241897225B0069F479;
			remoteInfo = QuizApp2;
		};
/* End PBXContainerItemProxy section */

/* Begin PBXFileReference section */
		2A0DACD918A2F2E600FF995D /* QuestionSelectionDelegate.h */ = {isa = PBXFileReference; lastKnownFileType = sourcecode.c.h; path = QuestionSelectionDelegate.h; sourceTree = "<group>"; };
		2A0DACDA18A2F6DC00FF995D /* QuizTableViewController.h */ = {isa = PBXFileReference; fileEncoding = 4; lastKnownFileType = sourcecode.c.h; path = QuizTableViewController.h; sourceTree = "<group>"; };
		2A0DACDB18A2F6DC00FF995D /* QuizTableViewController.m */ = {isa = PBXFileReference; fileEncoding = 4; lastKnownFileType = sourcecode.c.objc; path = QuizTableViewController.m; sourceTree = "<group>"; };
		2A2F6D2D18EB402A00061083 /* 0normal.png */ = {isa = PBXFileReference; lastKnownFileType = image.png; path = 0normal.png; sourceTree = "<group>"; };
		2A2F6D2E18EB402A00061083 /* 0report.png */ = {isa = PBXFileReference; lastKnownFileType = image.png; path = 0report.png; sourceTree = "<group>"; };
		2A2F6D3918EB43C800061083 /* 1A.png */ = {isa = PBXFileReference; lastKnownFileType = image.png; path = 1A.png; sourceTree = "<group>"; };
		2A2F6D3A18EB43C800061083 /* 1B.png */ = {isa = PBXFileReference; lastKnownFileType = image.png; path = 1B.png; sourceTree = "<group>"; };
		2A2F6D3B18EB43C800061083 /* 1C.png */ = {isa = PBXFileReference; lastKnownFileType = image.png; path = 1C.png; sourceTree = "<group>"; };
		2A2F6D3C18EB43C800061083 /* 1D.png */ = {isa = PBXFileReference; lastKnownFileType = image.png; path = 1D.png; sourceTree = "<group>"; };
		2A3725DD18FC8D3B003D7E15 /* AFKPageFlipper.h */ = {isa = PBXFileReference; fileEncoding = 4; lastKnownFileType = sourcecode.c.h; path = AFKPageFlipper.h; sourceTree = "<group>"; };
		2A3725DE18FC8D3B003D7E15 /* AFKPageFlipper.m */ = {isa = PBXFileReference; fileEncoding = 4; lastKnownFileType = sourcecode.c.objc; path = AFKPageFlipper.m; sourceTree = "<group>"; };
		2A3725E018FC9B71003D7E15 /* AnimationDelegate.h */ = {isa = PBXFileReference; fileEncoding = 4; lastKnownFileType = sourcecode.c.h; name = AnimationDelegate.h; path = "flip view classes/AnimationDelegate.h"; sourceTree = "<group>"; };
		2A3725E118FC9B71003D7E15 /* AnimationDelegate.m */ = {isa = PBXFileReference; fileEncoding = 4; lastKnownFileType = sourcecode.c.objc; name = AnimationDelegate.m; path = "flip view classes/AnimationDelegate.m"; sourceTree = "<group>"; };
		2A3725E218FC9B71003D7E15 /* AnimationFrame.h */ = {isa = PBXFileReference; fileEncoding = 4; lastKnownFileType = sourcecode.c.h; name = AnimationFrame.h; path = "flip view classes/AnimationFrame.h"; sourceTree = "<group>"; };
		2A3725E318FC9B71003D7E15 /* AnimationFrame.m */ = {isa = PBXFileReference; fileEncoding = 4; lastKnownFileType = sourcecode.c.objc; name = AnimationFrame.m; path = "flip view classes/AnimationFrame.m"; sourceTree = "<group>"; };
		2A3725E418FC9B71003D7E15 /* FlipView.h */ = {isa = PBXFileReference; fileEncoding = 4; lastKnownFileType = sourcecode.c.h; name = FlipView.h; path = "flip view classes/FlipView.h"; sourceTree = "<group>"; };
		2A3725E518FC9B71003D7E15 /* FlipView.m */ = {isa = PBXFileReference; fileEncoding = 4; lastKnownFileType = sourcecode.c.objc; name = FlipView.m; path = "flip view classes/FlipView.m"; sourceTree = "<group>"; };
		2A3725E618FC9B71003D7E15 /* GenericAnimationView.h */ = {isa = PBXFileReference; fileEncoding = 4; lastKnownFileType = sourcecode.c.h; name = GenericAnimationView.h; path = "flip view classes/GenericAnimationView.h"; sourceTree = "<group>"; };
		2A3725E718FC9B71003D7E15 /* GenericAnimationView.m */ = {isa = PBXFileReference; fileEncoding = 4; lastKnownFileType = sourcecode.c.objc; name = GenericAnimationView.m; path = "flip view classes/GenericAnimationView.m"; sourceTree = "<group>"; };
		2A80B01818FF2AF7008850F2 /* 1-ext.png */ = {isa = PBXFileReference; lastKnownFileType = image.png; name = "1-ext.png"; path = "QuizApp2Images/1-ext.png"; sourceTree = SOURCE_ROOT; };
		2A85A10618B6D331002722E5 /* Quiz.h */ = {isa = PBXFileReference; fileEncoding = 4; lastKnownFileType = sourcecode.c.h; path = Quiz.h; sourceTree = "<group>"; };
		2A85A10718B6D331002722E5 /* Quiz.m */ = {isa = PBXFileReference; fileEncoding = 4; lastKnownFileType = sourcecode.c.objc; path = Quiz.m; sourceTree = "<group>"; };
		2A85A10918B6D392002722E5 /* Parse.framework */ = {isa = PBXFileReference; lastKnownFileType = wrapper.framework; name = Parse.framework; path = ../../apsciOSDev/cisQuizApp2/Parse.framework; sourceTree = "<group>"; };
		2A85A10B18B6D3CD002722E5 /* QuizmLearn.png */ = {isa = PBXFileReference; lastKnownFileType = image.png; name = QuizmLearn.png; path = Images.xcassets/QuizmLearn.png; sourceTree = "<group>"; };
		2A85A10C18B6D3CD002722E5 /* QuizmLearnGQ.png */ = {isa = PBXFileReference; lastKnownFileType = image.png; name = QuizmLearnGQ.png; path = Images.xcassets/QuizmLearnGQ.png; sourceTree = "<group>"; };
		2A89240818EF1F050051B383 /* NormalQuestion.png */ = {isa = PBXFileReference; lastKnownFileType = image.png; path = NormalQuestion.png; sourceTree = "<group>"; };
		2A89240918EF1F050051B383 /* ReportQuestionSign2.png */ = {isa = PBXFileReference; lastKnownFileType = image.png; path = ReportQuestionSign2.png; sourceTree = "<group>"; };
		2A89240C18EF21050051B383 /* reportQuestionSmall.png */ = {isa = PBXFileReference; lastKnownFileType = image.png; path = reportQuestionSmall.png; sourceTree = "<group>"; };
		2A89240E18EF23090051B383 /* NormalQuestion2.png */ = {isa = PBXFileReference; lastKnownFileType = image.png; path = NormalQuestion2.png; sourceTree = "<group>"; };
		2A89240F18EF23090051B383 /* ReportQuestion3.png */ = {isa = PBXFileReference; lastKnownFileType = image.png; path = ReportQuestion3.png; sourceTree = "<group>"; };
		2A8F02BC18EA12AD0077C265 /* ILTranslucentView.h */ = {isa = PBXFileReference; fileEncoding = 4; lastKnownFileType = sourcecode.c.h; path = ILTranslucentView.h; sourceTree = "<group>"; };
		2A8F02BD18EA12AD0077C265 /* ILTranslucentView.m */ = {isa = PBXFileReference; fileEncoding = 4; lastKnownFileType = sourcecode.c.objc; path = ILTranslucentView.m; sourceTree = "<group>"; };
		2A8F02BF18EA318B0077C265 /* reportA.png */ = {isa = PBXFileReference; lastKnownFileType = image.png; path = reportA.png; sourceTree = "<group>"; };
		2A8F02C118EA31BE0077C265 /* reportB.png */ = {isa = PBXFileReference; lastKnownFileType = image.png; path = reportB.png; sourceTree = "<group>"; };
		2A8F02C218EA31BE0077C265 /* reportC.png */ = {isa = PBXFileReference; lastKnownFileType = image.png; path = reportC.png; sourceTree = "<group>"; };
		2A8F02C318EA31BE0077C265 /* reportD.png */ = {isa = PBXFileReference; lastKnownFileType = image.png; path = reportD.png; sourceTree = "<group>"; };
		2A99664118AAF2B800192BD7 /* navBarColor.png */ = {isa = PBXFileReference; lastKnownFileType = image.png; name = navBarColor.png; path = Images.xcassets/navBarColor.png; sourceTree = "<group>"; };
		2AA82FE618A5879600FCC137 /* groupResultViewController.h */ = {isa = PBXFileReference; fileEncoding = 4; lastKnownFileType = sourcecode.c.h; path = groupResultViewController.h; sourceTree = "<group>"; };
		2AA82FE718A5879600FCC137 /* groupResultViewController.m */ = {isa = PBXFileReference; fileEncoding = 4; lastKnownFileType = sourcecode.c.objc; path = groupResultViewController.m; sourceTree = "<group>"; };
		2AA8300A18A590D200FCC137 /* quizappicon1-2.png */ = {isa = PBXFileReference; lastKnownFileType = image.png; name = "quizappicon1-2.png"; path = "Images.xcassets/quizappicon1-2.png"; sourceTree = "<group>"; };
		2AA8300B18A590D200FCC137 /* quizappicon1-2HQ.png */ = {isa = PBXFileReference; lastKnownFileType = image.png; name = "quizappicon1-2HQ.png"; path = "Images.xcassets/quizappicon1-2HQ.png"; sourceTree = "<group>"; };
		2AA8300C18A590D200FCC137 /* zeroattemptstar.png */ = {isa = PBXFileReference; lastKnownFileType = image.png; name = zeroattemptstar.png; path = Images.xcassets/zeroattemptstar.png; sourceTree = "<group>"; };
		2AA8300D18A590D200FCC137 /* zerofillStar.png */ = {isa = PBXFileReference; lastKnownFileType = image.png; name = zerofillStar.png; path = Images.xcassets/zerofillStar.png; sourceTree = "<group>"; };
		2AB1DCF618A3F97A00E5E08B /* PastQuizViewController.h */ = {isa = PBXFileReference; fileEncoding = 4; lastKnownFileType = sourcecode.c.h; path = PastQuizViewController.h; sourceTree = "<group>"; };
		2AB1DCF718A3F97A00E5E08B /* PastQuizViewController.m */ = {isa = PBXFileReference; fileEncoding = 4; lastKnownFileType = sourcecode.c.objc; path = PastQuizViewController.m; sourceTree = "<group>"; };
		2AB428F118ECB6F8001B6458 /* 0bar.png */ = {isa = PBXFileReference; lastKnownFileType = image.png; path = 0bar.png; sourceTree = "<group>"; };
		2AD36D591912C4E400D71555 /* Reachability.h */ = {isa = PBXFileReference; fileEncoding = 4; lastKnownFileType = sourcecode.c.h; path = Reachability.h; sourceTree = "<group>"; };
		2AD36D5A1912C4E400D71555 /* Reachability.m */ = {isa = PBXFileReference; fileEncoding = 4; lastKnownFileType = sourcecode.c.objc; path = Reachability.m; sourceTree = "<group>"; };
		2AD48D7C190B0802006904B7 /* moreButton.png */ = {isa = PBXFileReference; lastKnownFileType = image.png; name = moreButton.png; path = QuizApp2Images/moreButton.png; sourceTree = SOURCE_ROOT; };
		2AD7CF0818E6266C002B2246 /* 0.png */ = {isa = PBXFileReference; lastKnownFileType = image.png; path = 0.png; sourceTree = "<group>"; };
		2AD7CF0918E6266C002B2246 /* 0square.png */ = {isa = PBXFileReference; lastKnownFileType = image.png; path = 0square.png; sourceTree = "<group>"; };
		2AD7CF0A18E6266C002B2246 /* 1.png */ = {isa = PBXFileReference; lastKnownFileType = image.png; path = 1.png; sourceTree = "<group>"; };
		2AD7CF0B18E6266C002B2246 /* 1bar.png */ = {isa = PBXFileReference; lastKnownFileType = image.png; path = 1bar.png; sourceTree = "<group>"; };
		2AD7CF0C18E6266C002B2246 /* 2.png */ = {isa = PBXFileReference; lastKnownFileType = image.png; path = 2.png; sourceTree = "<group>"; };
		2AD7CF0D18E6266C002B2246 /* 2bar.png */ = {isa = PBXFileReference; lastKnownFileType = image.png; path = 2bar.png; sourceTree = "<group>"; };
		2AD7CF0E18E6266C002B2246 /* 3.png */ = {isa = PBXFileReference; lastKnownFileType = image.png; path = 3.png; sourceTree = "<group>"; };
		2AD7CF0F18E6266C002B2246 /* 3bar.png */ = {isa = PBXFileReference; lastKnownFileType = image.png; path = 3bar.png; sourceTree = "<group>"; };
		2AD7CF1018E6266C002B2246 /* 4.png */ = {isa = PBXFileReference; lastKnownFileType = image.png; path = 4.png; sourceTree = "<group>"; };
		2AD7CF1118E6266C002B2246 /* 4bar.png */ = {isa = PBXFileReference; lastKnownFileType = image.png; path = 4bar.png; sourceTree = "<group>"; };
		2AD7CF1218E6266C002B2246 /* 6.png */ = {isa = PBXFileReference; lastKnownFileType = image.png; path = 6.png; sourceTree = "<group>"; };
		2AD7CF1318E6266C002B2246 /* A.png */ = {isa = PBXFileReference; lastKnownFileType = image.png; path = A.png; sourceTree = "<group>"; };
		2AD7CF1418E6266C002B2246 /* B.png */ = {isa = PBXFileReference; lastKnownFileType = image.png; path = B.png; sourceTree = "<group>"; };
		2AD7CF1918E6266C002B2246 /* bigPA.png */ = {isa = PBXFileReference; lastKnownFileType = image.png; path = bigPA.png; sourceTree = "<group>"; };
		2AD7CF1A18E6266C002B2246 /* bigPB.png */ = {isa = PBXFileReference; lastKnownFileType = image.png; path = bigPB.png; sourceTree = "<group>"; };
		2AD7CF1B18E6266C002B2246 /* bigPC.png */ = {isa = PBXFileReference; lastKnownFileType = image.png; path = bigPC.png; sourceTree = "<group>"; };
		2AD7CF1C18E6266C002B2246 /* bigPD.png */ = {isa = PBXFileReference; lastKnownFileType = image.png; path = bigPD.png; sourceTree = "<group>"; };
		2AD7CF1D18E6266C002B2246 /* buttonbackground.png */ = {isa = PBXFileReference; lastKnownFileType = image.png; path = buttonbackground.png; sourceTree = "<group>"; };
		2AD7CF1E18E6266C002B2246 /* C.png */ = {isa = PBXFileReference; lastKnownFileType = image.png; path = C.png; sourceTree = "<group>"; };
		2AD7CF1F18E6266C002B2246 /* D.png */ = {isa = PBXFileReference; lastKnownFileType = image.png; path = D.png; sourceTree = "<group>"; };
		2AD7CF2018E6266C002B2246 /* QuizmLearnLoginBG.png */ = {isa = PBXFileReference; lastKnownFileType = image.png; path = QuizmLearnLoginBG.png; sourceTree = "<group>"; };
		2AD7CF2118E6266C002B2246 /* QuizmLearnLoginLogo.png */ = {isa = PBXFileReference; lastKnownFileType = image.png; path = QuizmLearnLoginLogo.png; sourceTree = "<group>"; };
		2AD7CF2218E6266C002B2246 /* QuizmLearnLoginLogo2.png */ = {isa = PBXFileReference; lastKnownFileType = image.png; path = QuizmLearnLoginLogo2.png; sourceTree = "<group>"; };
		2AD7CF2318E6266C002B2246 /* QuizmLearnLoginLogoLandscape.png */ = {isa = PBXFileReference; lastKnownFileType = image.png; path = QuizmLearnLoginLogoLandscape.png; sourceTree = "<group>"; };
		2AD7CF2418E6266C002B2246 /* QuizmLearnLoginLogoLandscape2.png */ = {isa = PBXFileReference; lastKnownFileType = image.png; path = QuizmLearnLoginLogoLandscape2.png; sourceTree = "<group>"; };
		2AD7CF2518E6266C002B2246 /* QuizmLearnSplashScreenHQ.png */ = {isa = PBXFileReference; lastKnownFileType = image.png; path = QuizmLearnSplashScreenHQ.png; sourceTree = "<group>"; };
		2AD7CF2618E6266C002B2246 /* QuizmTeachLoginLogo.png */ = {isa = PBXFileReference; lastKnownFileType = image.png; path = QuizmTeachLoginLogo.png; sourceTree = "<group>"; };
		2AD7CF2718E6266C002B2246 /* QuizmTeachLoginLogo2Landscape.png */ = {isa = PBXFileReference; lastKnownFileType = image.png; path = QuizmTeachLoginLogo2Landscape.png; sourceTree = "<group>"; };
		2AD7CF2818E6266C002B2246 /* QuizmTeachLoginLogo2Portrait.png */ = {isa = PBXFileReference; lastKnownFileType = image.png; path = QuizmTeachLoginLogo2Portrait.png; sourceTree = "<group>"; };
		2AD7CF2918E6266C002B2246 /* QuizmTeachSplashScreen.png */ = {isa = PBXFileReference; lastKnownFileType = image.png; path = QuizmTeachSplashScreen.png; sourceTree = "<group>"; };
		2AD7CF2A18E6266C002B2246 /* QuizmTeachSplashScreenHQ.png */ = {isa = PBXFileReference; lastKnownFileType = image.png; path = QuizmTeachSplashScreenHQ.png; sourceTree = "<group>"; };
		2AD7CF2B18E6266C002B2246 /* QuizmTeachSplashScreenHQLandscape.png */ = {isa = PBXFileReference; lastKnownFileType = image.png; path = QuizmTeachSplashScreenHQLandscape.png; sourceTree = "<group>"; };
		2AD7CF2C18E6266C002B2246 /* QuizmTeachSplashScreenLandscape.png */ = {isa = PBXFileReference; lastKnownFileType = image.png; path = QuizmTeachSplashScreenLandscape.png; sourceTree = "<group>"; };
		2AD7CF2D18E6266C002B2246 /* Screen Shot 2014-02-14 at 10.06.58 AM.png */ = {isa = PBXFileReference; lastKnownFileType = image.png; path = "Screen Shot 2014-02-14 at 10.06.58 AM.png"; sourceTree = "<group>"; };
		2AD7CF2E18E6266C002B2246 /* Screen Shot 2014-02-14 at 10.14.13 AM.png */ = {isa = PBXFileReference; lastKnownFileType = image.png; path = "Screen Shot 2014-02-14 at 10.14.13 AM.png"; sourceTree = "<group>"; };
		2AD7CF2F18E6266C002B2246 /* Screen Shot 2014-02-14 at 10.14.30 AM.png */ = {isa = PBXFileReference; lastKnownFileType = image.png; path = "Screen Shot 2014-02-14 at 10.14.30 AM.png"; sourceTree = "<group>"; };
		2AD7CF3018E6266C002B2246 /* Tab Bar Icon Photoshop.psd */ = {isa = PBXFileReference; lastKnownFileType = file; path = "Tab Bar Icon Photoshop.psd"; sourceTree = "<group>"; };
		2AD7CF3118E6266C002B2246 /* Tab-Bar-Icon---Pie-Chart.png */ = {isa = PBXFileReference; lastKnownFileType = image.png; path = "Tab-Bar-Icon---Pie-Chart.png"; sourceTree = "<group>"; };
		2AD7CF3218E6266C002B2246 /* Tab-Bar-Icon---Questions30.png */ = {isa = PBXFileReference; lastKnownFileType = image.png; path = "Tab-Bar-Icon---Questions30.png"; sourceTree = "<group>"; };
		2AD7CF3318E6266C002B2246 /* Tab-Bar-Icon---Quetsions.png */ = {isa = PBXFileReference; lastKnownFileType = image.png; path = "Tab-Bar-Icon---Quetsions.png"; sourceTree = "<group>"; };
		2AD7CF3418E6266C002B2246 /* Tab-Bar-Icon---Results.png */ = {isa = PBXFileReference; lastKnownFileType = image.png; path = "Tab-Bar-Icon---Results.png"; sourceTree = "<group>"; };
		2AD7CF3518E6266C002B2246 /* Tab-Bar-Icon---Settings.png */ = {isa = PBXFileReference; lastKnownFileType = image.png; path = "Tab-Bar-Icon---Settings.png"; sourceTree = "<group>"; };
		2AD7CF6418E62E1A002B2246 /* OtherQuizzesTableViewController.h */ = {isa = PBXFileReference; fileEncoding = 4; lastKnownFileType = sourcecode.c.h; path = OtherQuizzesTableViewController.h; sourceTree = "<group>"; };
		2AD7CF6518E62E1A002B2246 /* OtherQuizzesTableViewController.m */ = {isa = PBXFileReference; fileEncoding = 4; lastKnownFileType = sourcecode.c.objc; path = OtherQuizzesTableViewController.m; sourceTree = "<group>"; };
		2AD87A251897225B0069F479 /* Quizm Learn.app */ = {isa = PBXFileReference; explicitFileType = wrapper.application; includeInIndex = 0; path = "Quizm Learn.app"; sourceTree = BUILT_PRODUCTS_DIR; };
		2AD87A281897225B0069F479 /* Foundation.framework */ = {isa = PBXFileReference; lastKnownFileType = wrapper.framework; name = Foundation.framework; path = System/Library/Frameworks/Foundation.framework; sourceTree = SDKROOT; };
		2AD87A2A1897225B0069F479 /* CoreGraphics.framework */ = {isa = PBXFileReference; lastKnownFileType = wrapper.framework; name = CoreGraphics.framework; path = System/Library/Frameworks/CoreGraphics.framework; sourceTree = SDKROOT; };
		2AD87A2C1897225B0069F479 /* UIKit.framework */ = {isa = PBXFileReference; lastKnownFileType = wrapper.framework; name = UIKit.framework; path = System/Library/Frameworks/UIKit.framework; sourceTree = SDKROOT; };
		2AD87A301897225B0069F479 /* QuizApp2-Info.plist */ = {isa = PBXFileReference; lastKnownFileType = text.plist.xml; path = "QuizApp2-Info.plist"; sourceTree = "<group>"; };
		2AD87A321897225B0069F479 /* en */ = {isa = PBXFileReference; lastKnownFileType = text.plist.strings; name = en; path = en.lproj/InfoPlist.strings; sourceTree = "<group>"; };
		2AD87A341897225B0069F479 /* main.m */ = {isa = PBXFileReference; lastKnownFileType = sourcecode.c.objc; path = main.m; sourceTree = "<group>"; };
		2AD87A361897225B0069F479 /* QuizApp2-Prefix.pch */ = {isa = PBXFileReference; lastKnownFileType = sourcecode.c.h; path = "QuizApp2-Prefix.pch"; sourceTree = "<group>"; };
		2AD87A371897225B0069F479 /* AppDelegate.h */ = {isa = PBXFileReference; lastKnownFileType = sourcecode.c.h; path = AppDelegate.h; sourceTree = "<group>"; };
		2AD87A381897225B0069F479 /* AppDelegate.m */ = {isa = PBXFileReference; lastKnownFileType = sourcecode.c.objc; path = AppDelegate.m; sourceTree = "<group>"; };
		2AD87A3B1897225B0069F479 /* Base */ = {isa = PBXFileReference; lastKnownFileType = file.storyboard; name = Base; path = Base.lproj/Main.storyboard; sourceTree = "<group>"; };
		2AD87A401897225B0069F479 /* Images.xcassets */ = {isa = PBXFileReference; lastKnownFileType = folder.assetcatalog; path = Images.xcassets; sourceTree = "<group>"; };
		2AD87A461897225B0069F479 /* QuizApp2Tests.xctest */ = {isa = PBXFileReference; explicitFileType = wrapper.cfbundle; includeInIndex = 0; path = QuizApp2Tests.xctest; sourceTree = BUILT_PRODUCTS_DIR; };
		2AD87A471897225B0069F479 /* XCTest.framework */ = {isa = PBXFileReference; lastKnownFileType = wrapper.framework; name = XCTest.framework; path = Library/Frameworks/XCTest.framework; sourceTree = DEVELOPER_DIR; };
		2AD87A4F1897225B0069F479 /* QuizApp2Tests-Info.plist */ = {isa = PBXFileReference; lastKnownFileType = text.plist.xml; path = "QuizApp2Tests-Info.plist"; sourceTree = "<group>"; };
		2AD87A511897225B0069F479 /* en */ = {isa = PBXFileReference; lastKnownFileType = text.plist.strings; name = en; path = en.lproj/InfoPlist.strings; sourceTree = "<group>"; };
		2AD87A531897225B0069F479 /* QuizApp2Tests.m */ = {isa = PBXFileReference; lastKnownFileType = sourcecode.c.objc; path = QuizApp2Tests.m; sourceTree = "<group>"; };
		2AD87A66189726E90069F479 /* NSString+ParsingExtensions.h */ = {isa = PBXFileReference; fileEncoding = 4; lastKnownFileType = sourcecode.c.h; path = "NSString+ParsingExtensions.h"; sourceTree = "<group>"; };
		2AD87A67189726E90069F479 /* NSString+ParsingExtensions.m */ = {isa = PBXFileReference; fileEncoding = 4; lastKnownFileType = sourcecode.c.objc; path = "NSString+ParsingExtensions.m"; sourceTree = "<group>"; };
		2AD87A691897271A0069F479 /* Question.h */ = {isa = PBXFileReference; fileEncoding = 4; lastKnownFileType = sourcecode.c.h; path = Question.h; sourceTree = "<group>"; };
		2AD87A6A1897271A0069F479 /* Question.m */ = {isa = PBXFileReference; fileEncoding = 4; lastKnownFileType = sourcecode.c.objc; path = Question.m; sourceTree = "<group>"; };
		2AD87A82189735BF0069F479 /* AudioUnit.framework */ = {isa = PBXFileReference; lastKnownFileType = wrapper.framework; name = AudioUnit.framework; path = System/Library/Frameworks/AudioUnit.framework; sourceTree = SDKROOT; };
		2AD87A83189735BF0069F479 /* CFNetwork.framework */ = {isa = PBXFileReference; lastKnownFileType = wrapper.framework; name = CFNetwork.framework; path = System/Library/Frameworks/CFNetwork.framework; sourceTree = SDKROOT; };
		2AD87A84189735BF0069F479 /* CoreLocation.framework */ = {isa = PBXFileReference; lastKnownFileType = wrapper.framework; name = CoreLocation.framework; path = System/Library/Frameworks/CoreLocation.framework; sourceTree = SDKROOT; };
		2AD87A85189735C00069F479 /* libz.dylib */ = {isa = PBXFileReference; lastKnownFileType = "compiled.mach-o.dylib"; name = libz.dylib; path = usr/lib/libz.dylib; sourceTree = SDKROOT; };
		2AD87A86189735C00069F479 /* MobileCoreServices.framework */ = {isa = PBXFileReference; lastKnownFileType = wrapper.framework; name = MobileCoreServices.framework; path = System/Library/Frameworks/MobileCoreServices.framework; sourceTree = SDKROOT; };
		2AD87A87189735C00069F479 /* QuartzCore.framework */ = {isa = PBXFileReference; lastKnownFileType = wrapper.framework; name = QuartzCore.framework; path = System/Library/Frameworks/QuartzCore.framework; sourceTree = SDKROOT; };
		2AD87A88189735C00069F479 /* Security.framework */ = {isa = PBXFileReference; lastKnownFileType = wrapper.framework; name = Security.framework; path = System/Library/Frameworks/Security.framework; sourceTree = SDKROOT; };
		2AD87A89189735C00069F479 /* StoreKit.framework */ = {isa = PBXFileReference; lastKnownFileType = wrapper.framework; name = StoreKit.framework; path = System/Library/Frameworks/StoreKit.framework; sourceTree = SDKROOT; };
		2AD87A8A189735C00069F479 /* SystemConfiguration.framework */ = {isa = PBXFileReference; lastKnownFileType = wrapper.framework; name = SystemConfiguration.framework; path = System/Library/Frameworks/SystemConfiguration.framework; sourceTree = SDKROOT; };
		2AD87A94189735EF0069F479 /* AudioToolbox.framework */ = {isa = PBXFileReference; lastKnownFileType = wrapper.framework; name = AudioToolbox.framework; path = System/Library/Frameworks/AudioToolbox.framework; sourceTree = SDKROOT; };
		2AD87AAD189867750069F479 /* QuizViewController.h */ = {isa = PBXFileReference; fileEncoding = 4; lastKnownFileType = sourcecode.c.h; path = QuizViewController.h; sourceTree = "<group>"; };
		2AD87AAE189867750069F479 /* QuizViewController.m */ = {isa = PBXFileReference; fileEncoding = 4; lastKnownFileType = sourcecode.c.objc; path = QuizViewController.m; sourceTree = "<group>"; };
		2AD87AB01898801D0069F479 /* QuestionViewController.h */ = {isa = PBXFileReference; fileEncoding = 4; lastKnownFileType = sourcecode.c.h; path = QuestionViewController.h; sourceTree = "<group>"; };
		2AD87AB11898801D0069F479 /* QuestionViewController.m */ = {isa = PBXFileReference; fileEncoding = 4; lastKnownFileType = sourcecode.c.objc; path = QuestionViewController.m; sourceTree = "<group>"; };
		2AF37674189AF53C004423BA /* ImportViewController.h */ = {isa = PBXFileReference; fileEncoding = 4; lastKnownFileType = sourcecode.c.h; path = ImportViewController.h; sourceTree = "<group>"; };
		2AF37675189AF53C004423BA /* ImportViewController.m */ = {isa = PBXFileReference; fileEncoding = 4; lastKnownFileType = sourcecode.c.objc; path = ImportViewController.m; sourceTree = "<group>"; };
		2AF53C5E191AFADF00825D3A /* downArrow.png */ = {isa = PBXFileReference; lastKnownFileType = image.png; path = downArrow.png; sourceTree = "<group>"; };
		2AF53C5F191AFADF00825D3A /* downSimple.png */ = {isa = PBXFileReference; lastKnownFileType = image.png; path = downSimple.png; sourceTree = "<group>"; };
		2AFF21B3189C7ACC00FE6F38 /* iosBlueStarIcon.png */ = {isa = PBXFileReference; lastKnownFileType = image.png; name = iosBlueStarIcon.png; path = Images.xcassets/iosBlueStarIcon.png; sourceTree = "<group>"; };
		2AFF21B4189C7ACC00FE6F38 /* ok-512.png */ = {isa = PBXFileReference; lastKnownFileType = image.png; name = "ok-512.png"; path = "Images.xcassets/ok-512.png"; sourceTree = "<group>"; };
		2AFF21B5189C7ACC00FE6F38 /* redX7.png */ = {isa = PBXFileReference; lastKnownFileType = image.png; name = redX7.png; path = Images.xcassets/redX7.png; sourceTree = "<group>"; };
		A720766718B303A500EC4267 /* PastQuizTable.h */ = {isa = PBXFileReference; fileEncoding = 4; lastKnownFileType = sourcecode.c.h; path = PastQuizTable.h; sourceTree = "<group>"; };
		A720766818B303A500EC4267 /* PastQuizTable.m */ = {isa = PBXFileReference; fileEncoding = 4; lastKnownFileType = sourcecode.c.objc; path = PastQuizTable.m; sourceTree = "<group>"; };
		A755332618B712D4001B9306 /* MyLoginViewController.h */ = {isa = PBXFileReference; fileEncoding = 4; lastKnownFileType = sourcecode.c.h; path = MyLoginViewController.h; sourceTree = "<group>"; };
		A755332718B712D4001B9306 /* MyLoginViewController.m */ = {isa = PBXFileReference; fileEncoding = 4; lastKnownFileType = sourcecode.c.objc; path = MyLoginViewController.m; sourceTree = "<group>"; };
		A755333B18B97B14001B9306 /* BigButtonViewController.h */ = {isa = PBXFileReference; fileEncoding = 4; lastKnownFileType = sourcecode.c.h; path = BigButtonViewController.h; sourceTree = "<group>"; };
		A755333C18B97B14001B9306 /* BigButtonViewController.m */ = {isa = PBXFileReference; fileEncoding = 4; lastKnownFileType = sourcecode.c.objc; path = BigButtonViewController.m; sourceTree = "<group>"; };
/* End PBXFileReference section */

/* Begin PBXFrameworksBuildPhase section */
		2AD87A221897225B0069F479 /* Frameworks */ = {
			isa = PBXFrameworksBuildPhase;
			buildActionMask = 2147483647;
			files = (
				2AD87A95189735EF0069F479 /* AudioToolbox.framework in Frameworks */,
				2AD87A8C189735C00069F479 /* CFNetwork.framework in Frameworks */,
				2AD87A8D189735C00069F479 /* CoreLocation.framework in Frameworks */,
				2AD87A8E189735C00069F479 /* libz.dylib in Frameworks */,
				2AD87A8F189735C00069F479 /* MobileCoreServices.framework in Frameworks */,
				2AD87A90189735C00069F479 /* QuartzCore.framework in Frameworks */,
				2A85A10A18B6D392002722E5 /* Parse.framework in Frameworks */,
				2AD87A91189735C00069F479 /* Security.framework in Frameworks */,
				2AD87A92189735C00069F479 /* StoreKit.framework in Frameworks */,
				2AD87A93189735C00069F479 /* SystemConfiguration.framework in Frameworks */,
				2AD87A2B1897225B0069F479 /* CoreGraphics.framework in Frameworks */,
				2AD87A2D1897225B0069F479 /* UIKit.framework in Frameworks */,
				2AD87A291897225B0069F479 /* Foundation.framework in Frameworks */,
			);
			runOnlyForDeploymentPostprocessing = 0;
		};
		2AD87A431897225B0069F479 /* Frameworks */ = {
			isa = PBXFrameworksBuildPhase;
			buildActionMask = 2147483647;
			files = (
				2AD87A481897225B0069F479 /* XCTest.framework in Frameworks */,
				2AD87A4A1897225B0069F479 /* UIKit.framework in Frameworks */,
				2AD87A491897225B0069F479 /* Foundation.framework in Frameworks */,
			);
			runOnlyForDeploymentPostprocessing = 0;
		};
/* End PBXFrameworksBuildPhase section */

/* Begin PBXGroup section */
		2AD87A1C1897225B0069F479 = {
			isa = PBXGroup;
			children = (
				2AD87A2E1897225B0069F479 /* QuizApp2 */,
				2AD87A4D1897225B0069F479 /* QuizApp2Tests */,
				2AD87A271897225B0069F479 /* Frameworks */,
				2AD87A261897225B0069F479 /* Products */,
			);
			sourceTree = "<group>";
		};
		2AD87A261897225B0069F479 /* Products */ = {
			isa = PBXGroup;
			children = (
				2AD87A251897225B0069F479 /* Quizm Learn.app */,
				2AD87A461897225B0069F479 /* QuizApp2Tests.xctest */,
			);
			name = Products;
			sourceTree = "<group>";
		};
		2AD87A271897225B0069F479 /* Frameworks */ = {
			isa = PBXGroup;
			children = (
				2A85A10918B6D392002722E5 /* Parse.framework */,
				2AD87A94189735EF0069F479 /* AudioToolbox.framework */,
				2AD87A82189735BF0069F479 /* AudioUnit.framework */,
				2AD87A83189735BF0069F479 /* CFNetwork.framework */,
				2AD87A84189735BF0069F479 /* CoreLocation.framework */,
				2AD87A85189735C00069F479 /* libz.dylib */,
				2AD87A86189735C00069F479 /* MobileCoreServices.framework */,
				2AD87A87189735C00069F479 /* QuartzCore.framework */,
				2AD87A88189735C00069F479 /* Security.framework */,
				2AD87A89189735C00069F479 /* StoreKit.framework */,
				2AD87A8A189735C00069F479 /* SystemConfiguration.framework */,
				2AD87A281897225B0069F479 /* Foundation.framework */,
				2AD87A2A1897225B0069F479 /* CoreGraphics.framework */,
				2AD87A2C1897225B0069F479 /* UIKit.framework */,
				2AD87A471897225B0069F479 /* XCTest.framework */,
			);
			name = Frameworks;
			sourceTree = "<group>";
		};
		2AD87A2E1897225B0069F479 /* QuizApp2 */ = {
			isa = PBXGroup;
			children = (
				2AD87A371897225B0069F479 /* AppDelegate.h */,
				2AD87A381897225B0069F479 /* AppDelegate.m */,
				2AD36D591912C4E400D71555 /* Reachability.h */,
				2AD36D5A1912C4E400D71555 /* Reachability.m */,
				2AD87A3A1897225B0069F479 /* Main.storyboard */,
				2AD7CF6418E62E1A002B2246 /* OtherQuizzesTableViewController.h */,
				2AD7CF6518E62E1A002B2246 /* OtherQuizzesTableViewController.m */,
				2AA82FE618A5879600FCC137 /* groupResultViewController.h */,
				2AA82FE718A5879600FCC137 /* groupResultViewController.m */,
				2A0DACD918A2F2E600FF995D /* QuestionSelectionDelegate.h */,
				2AF3767E189C174F004423BA /* Model */,
				2AF3767D189C1740004423BA /* View Controllers */,
				2AD87AAC189866020069F479 /* UI Images */,
				2AD87A401897225B0069F479 /* Images.xcassets */,
				2AD87A2F1897225B0069F479 /* Supporting Files */,
			);
			path = QuizApp2;
			sourceTree = "<group>";
		};
		2AD87A2F1897225B0069F479 /* Supporting Files */ = {
			isa = PBXGroup;
			children = (
				2AD87AAD189867750069F479 /* QuizViewController.h */,
				2AD87AAE189867750069F479 /* QuizViewController.m */,
				2AD87A301897225B0069F479 /* QuizApp2-Info.plist */,
				2AD87A311897225B0069F479 /* InfoPlist.strings */,
				2AD87A341897225B0069F479 /* main.m */,
				2AD87A361897225B0069F479 /* QuizApp2-Prefix.pch */,
			);
			name = "Supporting Files";
			sourceTree = "<group>";
		};
		2AD87A4D1897225B0069F479 /* QuizApp2Tests */ = {
			isa = PBXGroup;
			children = (
				2AD87A531897225B0069F479 /* QuizApp2Tests.m */,
				2AD87A4E1897225B0069F479 /* Supporting Files */,
			);
			path = QuizApp2Tests;
			sourceTree = "<group>";
		};
		2AD87A4E1897225B0069F479 /* Supporting Files */ = {
			isa = PBXGroup;
			children = (
				2AD87A4F1897225B0069F479 /* QuizApp2Tests-Info.plist */,
				2AD87A501897225B0069F479 /* InfoPlist.strings */,
			);
			name = "Supporting Files";
			sourceTree = "<group>";
		};
		2AD87AAC189866020069F479 /* UI Images */ = {
			isa = PBXGroup;
			children = (
				2A89240E18EF23090051B383 /* NormalQuestion2.png */,
				2AD48D7C190B0802006904B7 /* moreButton.png */,
				2A89240F18EF23090051B383 /* ReportQuestion3.png */,
				2AF53C5E191AFADF00825D3A /* downArrow.png */,
				2AF53C5F191AFADF00825D3A /* downSimple.png */,
				2AD7CF0818E6266C002B2246 /* 0.png */,
				2A89240C18EF21050051B383 /* reportQuestionSmall.png */,
				2A89240818EF1F050051B383 /* NormalQuestion.png */,
				2A89240918EF1F050051B383 /* ReportQuestionSign2.png */,
				2AD7CF0918E6266C002B2246 /* 0square.png */,
				2A2F6D2D18EB402A00061083 /* 0normal.png */,
				2A2F6D2E18EB402A00061083 /* 0report.png */,
				2AD7CF0A18E6266C002B2246 /* 1.png */,
				2A80B01818FF2AF7008850F2 /* 1-ext.png */,
				2A2F6D3918EB43C800061083 /* 1A.png */,
				2A2F6D3A18EB43C800061083 /* 1B.png */,
				2A2F6D3B18EB43C800061083 /* 1C.png */,
				2A2F6D3C18EB43C800061083 /* 1D.png */,
				2AD7CF0B18E6266C002B2246 /* 1bar.png */,
				2AD7CF0C18E6266C002B2246 /* 2.png */,
				2AD7CF0D18E6266C002B2246 /* 2bar.png */,
				2AD7CF0E18E6266C002B2246 /* 3.png */,
				2AD7CF0F18E6266C002B2246 /* 3bar.png */,
				2AD7CF1018E6266C002B2246 /* 4.png */,
				2AD7CF1118E6266C002B2246 /* 4bar.png */,
				2AD7CF1218E6266C002B2246 /* 6.png */,
				2AD7CF1318E6266C002B2246 /* A.png */,
				2AD7CF1418E6266C002B2246 /* B.png */,
				2AD7CF1918E6266C002B2246 /* bigPA.png */,
				2AD7CF1A18E6266C002B2246 /* bigPB.png */,
				2AD7CF1B18E6266C002B2246 /* bigPC.png */,
				2AD7CF1C18E6266C002B2246 /* bigPD.png */,
				2AD7CF1D18E6266C002B2246 /* buttonbackground.png */,
				2AD7CF1E18E6266C002B2246 /* C.png */,
				2AD7CF1F18E6266C002B2246 /* D.png */,
				2AD7CF2018E6266C002B2246 /* QuizmLearnLoginBG.png */,
				2AD7CF2118E6266C002B2246 /* QuizmLearnLoginLogo.png */,
				2AD7CF2218E6266C002B2246 /* QuizmLearnLoginLogo2.png */,
				2AD7CF2318E6266C002B2246 /* QuizmLearnLoginLogoLandscape.png */,
				2AD7CF2418E6266C002B2246 /* QuizmLearnLoginLogoLandscape2.png */,
				2AD7CF2518E6266C002B2246 /* QuizmLearnSplashScreenHQ.png */,
				2AD7CF2618E6266C002B2246 /* QuizmTeachLoginLogo.png */,
				2AD7CF2718E6266C002B2246 /* QuizmTeachLoginLogo2Landscape.png */,
				2AD7CF2818E6266C002B2246 /* QuizmTeachLoginLogo2Portrait.png */,
				2AD7CF2918E6266C002B2246 /* QuizmTeachSplashScreen.png */,
				2AD7CF2A18E6266C002B2246 /* QuizmTeachSplashScreenHQ.png */,
				2AD7CF2B18E6266C002B2246 /* QuizmTeachSplashScreenHQLandscape.png */,
				2AD7CF2C18E6266C002B2246 /* QuizmTeachSplashScreenLandscape.png */,
				2AD7CF2D18E6266C002B2246 /* Screen Shot 2014-02-14 at 10.06.58 AM.png */,
				2AD7CF2E18E6266C002B2246 /* Screen Shot 2014-02-14 at 10.14.13 AM.png */,
				2AD7CF2F18E6266C002B2246 /* Screen Shot 2014-02-14 at 10.14.30 AM.png */,
				2A8F02BF18EA318B0077C265 /* reportA.png */,
				2A8F02C118EA31BE0077C265 /* reportB.png */,
				2A8F02C218EA31BE0077C265 /* reportC.png */,
				2A8F02C318EA31BE0077C265 /* reportD.png */,
				2AD7CF3018E6266C002B2246 /* Tab Bar Icon Photoshop.psd */,
				2AD7CF3118E6266C002B2246 /* Tab-Bar-Icon---Pie-Chart.png */,
				2AD7CF3218E6266C002B2246 /* Tab-Bar-Icon---Questions30.png */,
				2AD7CF3318E6266C002B2246 /* Tab-Bar-Icon---Quetsions.png */,
				2AD7CF3418E6266C002B2246 /* Tab-Bar-Icon---Results.png */,
				2AD7CF3518E6266C002B2246 /* Tab-Bar-Icon---Settings.png */,
				2A85A10B18B6D3CD002722E5 /* QuizmLearn.png */,
				2A85A10C18B6D3CD002722E5 /* QuizmLearnGQ.png */,
				2A99664118AAF2B800192BD7 /* navBarColor.png */,
				2AA8300D18A590D200FCC137 /* zerofillStar.png */,
				2AA8300A18A590D200FCC137 /* quizappicon1-2.png */,
				2AA8300B18A590D200FCC137 /* quizappicon1-2HQ.png */,
				2AA8300C18A590D200FCC137 /* zeroattemptstar.png */,
				2AB428F118ECB6F8001B6458 /* 0bar.png */,
				2AFF21B3189C7ACC00FE6F38 /* iosBlueStarIcon.png */,
				2AFF21B4189C7ACC00FE6F38 /* ok-512.png */,
				2AFF21B5189C7ACC00FE6F38 /* redX7.png */,
			);
			name = "UI Images";
			sourceTree = "<group>";
		};
		2AF3767D189C1740004423BA /* View Controllers */ = {
			isa = PBXGroup;
			children = (
				2AB1DCF618A3F97A00E5E08B /* PastQuizViewController.h */,
				2AB1DCF718A3F97A00E5E08B /* PastQuizViewController.m */,
				2A0DACDA18A2F6DC00FF995D /* QuizTableViewController.h */,
				2A0DACDB18A2F6DC00FF995D /* QuizTableViewController.m */,
				2AF37674189AF53C004423BA /* ImportViewController.h */,
				2AF37675189AF53C004423BA /* ImportViewController.m */,
				2AD87AB01898801D0069F479 /* QuestionViewController.h */,
				2AD87AB11898801D0069F479 /* QuestionViewController.m */,
				A755332618B712D4001B9306 /* MyLoginViewController.h */,
				A755332718B712D4001B9306 /* MyLoginViewController.m */,
				A755333B18B97B14001B9306 /* BigButtonViewController.h */,
				A755333C18B97B14001B9306 /* BigButtonViewController.m */,
			);
			name = "View Controllers";
			sourceTree = "<group>";
		};
		2AF3767E189C174F004423BA /* Model */ = {
			isa = PBXGroup;
			children = (
				2A85A10618B6D331002722E5 /* Quiz.h */,
				2A85A10718B6D331002722E5 /* Quiz.m */,
				2AD87A691897271A0069F479 /* Question.h */,
				2AD87A6A1897271A0069F479 /* Question.m */,
				2AD87A66189726E90069F479 /* NSString+ParsingExtensions.h */,
				2AD87A67189726E90069F479 /* NSString+ParsingExtensions.m */,
				A720766718B303A500EC4267 /* PastQuizTable.h */,
				A720766818B303A500EC4267 /* PastQuizTable.m */,
				2A3725DD18FC8D3B003D7E15 /* AFKPageFlipper.h */,
				2A3725DE18FC8D3B003D7E15 /* AFKPageFlipper.m */,
				2A8F02BC18EA12AD0077C265 /* ILTranslucentView.h */,
				2A8F02BD18EA12AD0077C265 /* ILTranslucentView.m */,
				2A3725E018FC9B71003D7E15 /* AnimationDelegate.h */,
				2A3725E118FC9B71003D7E15 /* AnimationDelegate.m */,
				2A3725E218FC9B71003D7E15 /* AnimationFrame.h */,
				2A3725E318FC9B71003D7E15 /* AnimationFrame.m */,
				2A3725E418FC9B71003D7E15 /* FlipView.h */,
				2A3725E518FC9B71003D7E15 /* FlipView.m */,
				2A3725E618FC9B71003D7E15 /* GenericAnimationView.h */,
				2A3725E718FC9B71003D7E15 /* GenericAnimationView.m */,
			);
			name = Model;
			sourceTree = "<group>";
		};
/* End PBXGroup section */

/* Begin PBXNativeTarget section */
		2AD87A241897225B0069F479 /* QuizApp2 */ = {
			isa = PBXNativeTarget;
			buildConfigurationList = 2AD87A571897225B0069F479 /* Build configuration list for PBXNativeTarget "QuizApp2" */;
			buildPhases = (
				2AD87A211897225B0069F479 /* Sources */,
				2AD87A221897225B0069F479 /* Frameworks */,
				2AD87A231897225B0069F479 /* Resources */,
			);
			buildRules = (
			);
			dependencies = (
			);
			name = QuizApp2;
			productName = QuizApp2;
			productReference = 2AD87A251897225B0069F479 /* Quizm Learn.app */;
			productType = "com.apple.product-type.application";
		};
		2AD87A451897225B0069F479 /* QuizApp2Tests */ = {
			isa = PBXNativeTarget;
			buildConfigurationList = 2AD87A5A1897225B0069F479 /* Build configuration list for PBXNativeTarget "QuizApp2Tests" */;
			buildPhases = (
				2AD87A421897225B0069F479 /* Sources */,
				2AD87A431897225B0069F479 /* Frameworks */,
				2AD87A441897225B0069F479 /* Resources */,
			);
			buildRules = (
			);
			dependencies = (
				2AD87A4C1897225B0069F479 /* PBXTargetDependency */,
			);
			name = QuizApp2Tests;
			productName = QuizApp2Tests;
			productReference = 2AD87A461897225B0069F479 /* QuizApp2Tests.xctest */;
			productType = "com.apple.product-type.bundle.unit-test";
		};
/* End PBXNativeTarget section */

/* Begin PBXProject section */
		2AD87A1D1897225B0069F479 /* Project object */ = {
			isa = PBXProject;
			attributes = {
				LastUpgradeCheck = 0510;
				ORGANIZATIONNAME = "Bruce Li";
				TargetAttributes = {
					2AD87A241897225B0069F479 = {
						DevelopmentTeam = 34QWHWD3FG;
					};
					2AD87A451897225B0069F479 = {
						TestTargetID = 2AD87A241897225B0069F479;
					};
				};
			};
			buildConfigurationList = 2AD87A201897225B0069F479 /* Build configuration list for PBXProject "Quizm Learn" */;
			compatibilityVersion = "Xcode 3.2";
			developmentRegion = English;
			hasScannedForEncodings = 0;
			knownRegions = (
				en,
				Base,
			);
			mainGroup = 2AD87A1C1897225B0069F479;
			productRefGroup = 2AD87A261897225B0069F479 /* Products */;
			projectDirPath = "";
			projectRoot = "";
			targets = (
				2AD87A241897225B0069F479 /* QuizApp2 */,
				2AD87A451897225B0069F479 /* QuizApp2Tests */,
			);
		};
/* End PBXProject section */

/* Begin PBXResourcesBuildPhase section */
		2AD87A231897225B0069F479 /* Resources */ = {
			isa = PBXResourcesBuildPhase;
			buildActionMask = 2147483647;
			files = (
				2A2F6D4018EB43C800061083 /* 1D.png in Resources */,
				2AD7CF5E18E6266C002B2246 /* Tab Bar Icon Photoshop.psd in Resources */,
				2A8F02C518EA31BE0077C265 /* reportC.png in Resources */,
				2A89240A18EF1F050051B383 /* NormalQuestion.png in Resources */,
				2AD7CF3D18E6266C002B2246 /* 3bar.png in Resources */,
				2AD7CF3618E6266C002B2246 /* 0.png in Resources */,
				2AF53C60191AFADF00825D3A /* downArrow.png in Resources */,
				2AD7CF5918E6266C002B2246 /* QuizmTeachSplashScreenHQLandscape.png in Resources */,
				2AD7CF5718E6266C002B2246 /* QuizmTeachSplashScreen.png in Resources */,
				2AF53C61191AFADF00825D3A /* downSimple.png in Resources */,
				2AD7CF4F18E6266C002B2246 /* QuizmLearnLoginLogo.png in Resources */,
				2AD7CF4A18E6266C002B2246 /* bigPD.png in Resources */,
				2AA8301418A590D200FCC137 /* quizappicon1-2HQ.png in Resources */,
				2AD87A411897225B0069F479 /* Images.xcassets in Resources */,
				2A8F02C618EA31BE0077C265 /* reportD.png in Resources */,
				2A2F6D3018EB402A00061083 /* 0report.png in Resources */,
				2AD7CF5818E6266C002B2246 /* QuizmTeachSplashScreenHQ.png in Resources */,
				2AD7CF5018E6266C002B2246 /* QuizmLearnLoginLogo2.png in Resources */,
				2AFF21B6189C7ACC00FE6F38 /* iosBlueStarIcon.png in Resources */,
				2AA8301618A590D200FCC137 /* zerofillStar.png in Resources */,
				2AD7CF3718E6266C002B2246 /* 0square.png in Resources */,
				2AD7CF5D18E6266C002B2246 /* Screen Shot 2014-02-14 at 10.14.30 AM.png in Resources */,
				2AD7CF6318E6266C002B2246 /* Tab-Bar-Icon---Settings.png in Resources */,
				2AFF21B7189C7ACC00FE6F38 /* ok-512.png in Resources */,
				2AD7CF5318E6266C002B2246 /* QuizmLearnSplashScreenHQ.png in Resources */,
				2AD7CF3E18E6266C002B2246 /* 4.png in Resources */,
				2A80B01918FF2AF7008850F2 /* 1-ext.png in Resources */,
				2A85A10D18B6D3CD002722E5 /* QuizmLearn.png in Resources */,
				2AD7CF4B18E6266C002B2246 /* buttonbackground.png in Resources */,
				2AD87A331897225B0069F479 /* InfoPlist.strings in Resources */,
				2AD48D7D190B0802006904B7 /* moreButton.png in Resources */,
				2A2F6D3D18EB43C800061083 /* 1A.png in Resources */,
				2AD7CF5F18E6266C002B2246 /* Tab-Bar-Icon---Pie-Chart.png in Resources */,
				2AD7CF4718E6266C002B2246 /* bigPA.png in Resources */,
				2AD7CF4E18E6266C002B2246 /* QuizmLearnLoginBG.png in Resources */,
				2A2F6D2F18EB402A00061083 /* 0normal.png in Resources */,
				2AD7CF5618E6266C002B2246 /* QuizmTeachLoginLogo2Portrait.png in Resources */,
				2AD87A3C1897225B0069F479 /* Main.storyboard in Resources */,
				2A8F02C018EA318B0077C265 /* reportA.png in Resources */,
				2AD7CF5C18E6266C002B2246 /* Screen Shot 2014-02-14 at 10.14.13 AM.png in Resources */,
				2AD7CF4118E6266C002B2246 /* A.png in Resources */,
				2AB428F218ECB6F8001B6458 /* 0bar.png in Resources */,
				2A99664218AAF2B800192BD7 /* navBarColor.png in Resources */,
				2AD7CF4918E6266C002B2246 /* bigPC.png in Resources */,
				2AA8301318A590D200FCC137 /* quizappicon1-2.png in Resources */,
				2A89241118EF23090051B383 /* ReportQuestion3.png in Resources */,
				2AD7CF6218E6266C002B2246 /* Tab-Bar-Icon---Results.png in Resources */,
				2AD7CF4C18E6266C002B2246 /* C.png in Resources */,
				2AD7CF5518E6266C002B2246 /* QuizmTeachLoginLogo2Landscape.png in Resources */,
				2AD7CF4018E6266C002B2246 /* 6.png in Resources */,
				2AD7CF6018E6266C002B2246 /* Tab-Bar-Icon---Questions30.png in Resources */,
				2AD7CF3918E6266C002B2246 /* 1bar.png in Resources */,
				2AD7CF5418E6266C002B2246 /* QuizmTeachLoginLogo.png in Resources */,
				2A2F6D3F18EB43C800061083 /* 1C.png in Resources */,
				2AD7CF4D18E6266C002B2246 /* D.png in Resources */,
				2AA8301518A590D200FCC137 /* zeroattemptstar.png in Resources */,
				2AD7CF5218E6266C002B2246 /* QuizmLearnLoginLogoLandscape2.png in Resources */,
				2AFF21B8189C7ACC00FE6F38 /* redX7.png in Resources */,
				2AD7CF3F18E6266C002B2246 /* 4bar.png in Resources */,
				2AD7CF4818E6266C002B2246 /* bigPB.png in Resources */,
				2A8F02C418EA31BE0077C265 /* reportB.png in Resources */,
				2AD7CF6118E6266C002B2246 /* Tab-Bar-Icon---Quetsions.png in Resources */,
				2A89240D18EF21050051B383 /* reportQuestionSmall.png in Resources */,
				2A89240B18EF1F050051B383 /* ReportQuestionSign2.png in Resources */,
				2AD7CF5118E6266C002B2246 /* QuizmLearnLoginLogoLandscape.png in Resources */,
				2AD7CF5B18E6266C002B2246 /* Screen Shot 2014-02-14 at 10.06.58 AM.png in Resources */,
				2AD7CF3A18E6266C002B2246 /* 2.png in Resources */,
				2AD7CF4218E6266C002B2246 /* B.png in Resources */,
				2AD7CF3C18E6266C002B2246 /* 3.png in Resources */,
				2AD7CF3818E6266C002B2246 /* 1.png in Resources */,
				2A89241018EF23090051B383 /* NormalQuestion2.png in Resources */,
				2A2F6D3E18EB43C800061083 /* 1B.png in Resources */,
				2A85A10E18B6D3CD002722E5 /* QuizmLearnGQ.png in Resources */,
				2AD7CF3B18E6266C002B2246 /* 2bar.png in Resources */,
				2AD7CF5A18E6266C002B2246 /* QuizmTeachSplashScreenLandscape.png in Resources */,
			);
			runOnlyForDeploymentPostprocessing = 0;
		};
		2AD87A441897225B0069F479 /* Resources */ = {
			isa = PBXResourcesBuildPhase;
			buildActionMask = 2147483647;
			files = (
				2AD87A521897225B0069F479 /* InfoPlist.strings in Resources */,
			);
			runOnlyForDeploymentPostprocessing = 0;
		};
/* End PBXResourcesBuildPhase section */

/* Begin PBXSourcesBuildPhase section */
		2AD87A211897225B0069F479 /* Sources */ = {
			isa = PBXSourcesBuildPhase;
			buildActionMask = 2147483647;
			files = (
				2A85A10818B6D331002722E5 /* Quiz.m in Sources */,
				2A8F02BE18EA12AD0077C265 /* ILTranslucentView.m in Sources */,
				2AD87A68189726E90069F479 /* NSString+ParsingExtensions.m in Sources */,
				2AA82FE818A5879600FCC137 /* groupResultViewController.m in Sources */,
				2AD87AB21898801D0069F479 /* QuestionViewController.m in Sources */,
				2A3725E818FC9B71003D7E15 /* AnimationDelegate.m in Sources */,
				2A3725E918FC9B71003D7E15 /* AnimationFrame.m in Sources */,
				2A3725EB18FC9B71003D7E15 /* GenericAnimationView.m in Sources */,
				2A3725EA18FC9B71003D7E15 /* FlipView.m in Sources */,
				A755332818B712D4001B9306 /* MyLoginViewController.m in Sources */,
				2AD87AAF189867750069F479 /* QuizViewController.m in Sources */,
				A755333D18B97B14001B9306 /* BigButtonViewController.m in Sources */,
				2AD7CF6618E62E1A002B2246 /* OtherQuizzesTableViewController.m in Sources */,
				2AD87A6B1897271A0069F479 /* Question.m in Sources */,
				2AD36D5B1912C4E400D71555 /* Reachability.m in Sources */,
				2A0DACDC18A2F6DC00FF995D /* QuizTableViewController.m in Sources */,
				2AB1DCF818A3F97A00E5E08B /* PastQuizViewController.m in Sources */,
				2A3725DF18FC8D3B003D7E15 /* AFKPageFlipper.m in Sources */,
				2AF37676189AF53C004423BA /* ImportViewController.m in Sources */,
				2AD87A391897225B0069F479 /* AppDelegate.m in Sources */,
				2AD87A351897225B0069F479 /* main.m in Sources */,
				A720766918B303A500EC4267 /* PastQuizTable.m in Sources */,
			);
			runOnlyForDeploymentPostprocessing = 0;
		};
		2AD87A421897225B0069F479 /* Sources */ = {
			isa = PBXSourcesBuildPhase;
			buildActionMask = 2147483647;
			files = (
				2AD87A541897225B0069F479 /* QuizApp2Tests.m in Sources */,
			);
			runOnlyForDeploymentPostprocessing = 0;
		};
/* End PBXSourcesBuildPhase section */

/* Begin PBXTargetDependency section */
		2AD87A4C1897225B0069F479 /* PBXTargetDependency */ = {
			isa = PBXTargetDependency;
			target = 2AD87A241897225B0069F479 /* QuizApp2 */;
			targetProxy = 2AD87A4B1897225B0069F479 /* PBXContainerItemProxy */;
		};
/* End PBXTargetDependency section */

/* Begin PBXVariantGroup section */
		2AD87A311897225B0069F479 /* InfoPlist.strings */ = {
			isa = PBXVariantGroup;
			children = (
				2AD87A321897225B0069F479 /* en */,
			);
			name = InfoPlist.strings;
			sourceTree = "<group>";
		};
		2AD87A3A1897225B0069F479 /* Main.storyboard */ = {
			isa = PBXVariantGroup;
			children = (
				2AD87A3B1897225B0069F479 /* Base */,
			);
			name = Main.storyboard;
			sourceTree = "<group>";
		};
		2AD87A501897225B0069F479 /* InfoPlist.strings */ = {
			isa = PBXVariantGroup;
			children = (
				2AD87A511897225B0069F479 /* en */,
			);
			name = InfoPlist.strings;
			sourceTree = "<group>";
		};
/* End PBXVariantGroup section */

/* Begin XCBuildConfiguration section */
		2AD87A551897225B0069F479 /* Debug */ = {
			isa = XCBuildConfiguration;
			buildSettings = {
				ALWAYS_SEARCH_USER_PATHS = NO;
				CLANG_CXX_LANGUAGE_STANDARD = "gnu++0x";
				CLANG_CXX_LIBRARY = "libc++";
				CLANG_ENABLE_MODULES = YES;
				CLANG_ENABLE_OBJC_ARC = YES;
				CLANG_WARN_BOOL_CONVERSION = YES;
				CLANG_WARN_CONSTANT_CONVERSION = YES;
				CLANG_WARN_DIRECT_OBJC_ISA_USAGE = YES_ERROR;
				CLANG_WARN_EMPTY_BODY = YES;
				CLANG_WARN_ENUM_CONVERSION = YES;
				CLANG_WARN_INT_CONVERSION = YES;
				CLANG_WARN_OBJC_ROOT_CLASS = YES_ERROR;
				CLANG_WARN__DUPLICATE_METHOD_MATCH = YES;
				"CODE_SIGN_IDENTITY[sdk=iphoneos*]" = "iPhone Developer";
				COPY_PHASE_STRIP = NO;
				GCC_C_LANGUAGE_STANDARD = gnu99;
				GCC_DYNAMIC_NO_PIC = NO;
				GCC_OPTIMIZATION_LEVEL = 0;
				GCC_PREPROCESSOR_DEFINITIONS = (
					"DEBUG=1",
					"$(inherited)",
				);
				GCC_SYMBOLS_PRIVATE_EXTERN = NO;
				GCC_WARN_64_TO_32_BIT_CONVERSION = YES;
				GCC_WARN_ABOUT_RETURN_TYPE = YES_ERROR;
				GCC_WARN_UNDECLARED_SELECTOR = YES;
				GCC_WARN_UNINITIALIZED_AUTOS = YES;
				GCC_WARN_UNUSED_FUNCTION = YES;
				GCC_WARN_UNUSED_VARIABLE = YES;
				IPHONEOS_DEPLOYMENT_TARGET = 7.0;
				ONLY_ACTIVE_ARCH = YES;
				SDKROOT = iphoneos;
				TARGETED_DEVICE_FAMILY = 2;
			};
			name = Debug;
		};
		2AD87A561897225B0069F479 /* Release */ = {
			isa = XCBuildConfiguration;
			buildSettings = {
				ALWAYS_SEARCH_USER_PATHS = NO;
				CLANG_CXX_LANGUAGE_STANDARD = "gnu++0x";
				CLANG_CXX_LIBRARY = "libc++";
				CLANG_ENABLE_MODULES = YES;
				CLANG_ENABLE_OBJC_ARC = YES;
				CLANG_WARN_BOOL_CONVERSION = YES;
				CLANG_WARN_CONSTANT_CONVERSION = YES;
				CLANG_WARN_DIRECT_OBJC_ISA_USAGE = YES_ERROR;
				CLANG_WARN_EMPTY_BODY = YES;
				CLANG_WARN_ENUM_CONVERSION = YES;
				CLANG_WARN_INT_CONVERSION = YES;
				CLANG_WARN_OBJC_ROOT_CLASS = YES_ERROR;
				CLANG_WARN__DUPLICATE_METHOD_MATCH = YES;
				"CODE_SIGN_IDENTITY[sdk=iphoneos*]" = "iPhone Developer";
				COPY_PHASE_STRIP = YES;
				ENABLE_NS_ASSERTIONS = NO;
				GCC_C_LANGUAGE_STANDARD = gnu99;
				GCC_WARN_64_TO_32_BIT_CONVERSION = YES;
				GCC_WARN_ABOUT_RETURN_TYPE = YES_ERROR;
				GCC_WARN_UNDECLARED_SELECTOR = YES;
				GCC_WARN_UNINITIALIZED_AUTOS = YES;
				GCC_WARN_UNUSED_FUNCTION = YES;
				GCC_WARN_UNUSED_VARIABLE = YES;
				IPHONEOS_DEPLOYMENT_TARGET = 7.0;
				SDKROOT = iphoneos;
				TARGETED_DEVICE_FAMILY = 2;
				VALIDATE_PRODUCT = YES;
			};
			name = Release;
		};
		2AD87A581897225B0069F479 /* Debug */ = {
			isa = XCBuildConfiguration;
			buildSettings = {
				ASSETCATALOG_COMPILER_APPICON_NAME = AppIcon;
				ASSETCATALOG_COMPILER_LAUNCHIMAGE_NAME = LaunchImage;
				CODE_SIGN_IDENTITY = "iPhone Developer";
				"CODE_SIGN_IDENTITY[sdk=iphoneos*]" = "iPhone Developer";
				FRAMEWORK_SEARCH_PATHS = (
					"$(inherited)",
					/Users/bruce_li_94/Documents/apsciOSDev/QuizApp2,
					/Users/cisdev2/Downloads,
					/Users/bruce_li_94/Documents/apsciOSDev/cisQuizApp2,
				);
				GCC_PRECOMPILE_PREFIX_HEADER = YES;
				GCC_PREFIX_HEADER = "QuizApp2/QuizApp2-Prefix.pch";
				INFOPLIST_FILE = "QuizApp2/QuizApp2-Info.plist";
				PRODUCT_NAME = "Quizm Learn";
				PROVISIONING_PROFILE = "";
				WRAPPER_EXTENSION = app;
			};
			name = Debug;
		};
		2AD87A591897225B0069F479 /* Release */ = {
			isa = XCBuildConfiguration;
			buildSettings = {
				ASSETCATALOG_COMPILER_APPICON_NAME = AppIcon;
				ASSETCATALOG_COMPILER_LAUNCHIMAGE_NAME = LaunchImage;
				CODE_SIGN_IDENTITY = "iPhone Developer";
				"CODE_SIGN_IDENTITY[sdk=iphoneos*]" = "iPhone Developer";
				FRAMEWORK_SEARCH_PATHS = (
					"$(inherited)",
					/Users/bruce_li_94/Documents/apsciOSDev/QuizApp2,
					/Users/cisdev2/Downloads,
					/Users/bruce_li_94/Documents/apsciOSDev/cisQuizApp2,
				);
				GCC_PRECOMPILE_PREFIX_HEADER = YES;
				GCC_PREFIX_HEADER = "QuizApp2/QuizApp2-Prefix.pch";
				INFOPLIST_FILE = "QuizApp2/QuizApp2-Info.plist";
				PRODUCT_NAME = "Quizm Learn";
				PROVISIONING_PROFILE = "";
				WRAPPER_EXTENSION = app;
			};
			name = Release;
		};
		2AD87A5B1897225B0069F479 /* Debug */ = {
			isa = XCBuildConfiguration;
			buildSettings = {
				BUNDLE_LOADER = "$(BUILT_PRODUCTS_DIR)/QuizApp2.app/QuizApp2";
				FRAMEWORK_SEARCH_PATHS = (
					"$(SDKROOT)/Developer/Library/Frameworks",
					"$(inherited)",
					"$(DEVELOPER_FRAMEWORKS_DIR)",
				);
				GCC_PRECOMPILE_PREFIX_HEADER = YES;
				GCC_PREFIX_HEADER = "QuizApp2/QuizApp2-Prefix.pch";
				GCC_PREPROCESSOR_DEFINITIONS = (
					"DEBUG=1",
					"$(inherited)",
				);
				INFOPLIST_FILE = "QuizApp2Tests/QuizApp2Tests-Info.plist";
				PRODUCT_NAME = "$(TARGET_NAME)";
				TEST_HOST = "$(BUNDLE_LOADER)";
				WRAPPER_EXTENSION = xctest;
			};
			name = Debug;
		};
		2AD87A5C1897225B0069F479 /* Release */ = {
			isa = XCBuildConfiguration;
			buildSettings = {
				BUNDLE_LOADER = "$(BUILT_PRODUCTS_DIR)/QuizApp2.app/QuizApp2";
				FRAMEWORK_SEARCH_PATHS = (
					"$(SDKROOT)/Developer/Library/Frameworks",
					"$(inherited)",
					"$(DEVELOPER_FRAMEWORKS_DIR)",
				);
				GCC_PRECOMPILE_PREFIX_HEADER = YES;
				GCC_PREFIX_HEADER = "QuizApp2/QuizApp2-Prefix.pch";
				INFOPLIST_FILE = "QuizApp2Tests/QuizApp2Tests-Info.plist";
				PRODUCT_NAME = "$(TARGET_NAME)";
				TEST_HOST = "$(BUNDLE_LOADER)";
				WRAPPER_EXTENSION = xctest;
			};
			name = Release;
		};
/* End XCBuildConfiguration section */

/* Begin XCConfigurationList section */
		2AD87A201897225B0069F479 /* Build configuration list for PBXProject "Quizm Learn" */ = {
			isa = XCConfigurationList;
			buildConfigurations = (
				2AD87A551897225B0069F479 /* Debug */,
				2AD87A561897225B0069F479 /* Release */,
			);
			defaultConfigurationIsVisible = 0;
			defaultConfigurationName = Release;
		};
		2AD87A571897225B0069F479 /* Build configuration list for PBXNativeTarget "QuizApp2" */ = {
			isa = XCConfigurationList;
			buildConfigurations = (
				2AD87A581897225B0069F479 /* Debug */,
				2AD87A591897225B0069F479 /* Release */,
			);
			defaultConfigurationIsVisible = 0;
			defaultConfigurationName = Release;
		};
		2AD87A5A1897225B0069F479 /* Build configuration list for PBXNativeTarget "QuizApp2Tests" */ = {
			isa = XCConfigurationList;
			buildConfigurations = (
				2AD87A5B1897225B0069F479 /* Debug */,
				2AD87A5C1897225B0069F479 /* Release */,
			);
			defaultConfigurationIsVisible = 0;
			defaultConfigurationName = Release;
		};
/* End XCConfigurationList section */
	};
	rootObject = 2AD87A1D1897225B0069F479 /* Project object */;
}
